// !$*UTF8*$!
{
	archiveVersion = 1;
	classes = {
	};
	objectVersion = 46;
	objects = {

/* Begin PBXBuildFile section */
		2959833A1FA1CFE600C9EBAF /* main.m in Sources */ = {isa = PBXBuildFile; fileRef = 295983391FA1CFE600C9EBAF /* main.m */; };
		2959833D1FA1CFE600C9EBAF /* AppDelegate.m in Sources */ = {isa = PBXBuildFile; fileRef = 2959833C1FA1CFE600C9EBAF /* AppDelegate.m */; };
		295983401FA1CFE600C9EBAF /* ViewController.m in Sources */ = {isa = PBXBuildFile; fileRef = 2959833F1FA1CFE600C9EBAF /* ViewController.m */; };
		295983431FA1CFE600C9EBAF /* Main.storyboard in Resources */ = {isa = PBXBuildFile; fileRef = 295983411FA1CFE600C9EBAF /* Main.storyboard */; };
		295983451FA1CFE600C9EBAF /* Assets.xcassets in Resources */ = {isa = PBXBuildFile; fileRef = 295983441FA1CFE600C9EBAF /* Assets.xcassets */; };
		295983481FA1CFE600C9EBAF /* LaunchScreen.storyboard in Resources */ = {isa = PBXBuildFile; fileRef = 295983461FA1CFE600C9EBAF /* LaunchScreen.storyboard */; };
		295983531FA1CFE600C9EBAF /* TextView__Tests.m in Sources */ = {isa = PBXBuildFile; fileRef = 295983521FA1CFE600C9EBAF /* TextView__Tests.m */; };
		2959835E1FA1CFE600C9EBAF /* TextView__UITests.m in Sources */ = {isa = PBXBuildFile; fileRef = 2959835D1FA1CFE600C9EBAF /* TextView__UITests.m */; };
		2959836D1FA1D02B00C9EBAF /* UIView+MKPExtension.m in Sources */ = {isa = PBXBuildFile; fileRef = 2959836C1FA1D02B00C9EBAF /* UIView+MKPExtension.m */; };
		295983701FA1D08400C9EBAF /* MKPlaceholderTextView.m in Sources */ = {isa = PBXBuildFile; fileRef = 2959836F1FA1D08400C9EBAF /* MKPlaceholderTextView.m */; };
/* End PBXBuildFile section */

/* Begin PBXContainerItemProxy section */
		2959834F1FA1CFE600C9EBAF /* PBXContainerItemProxy */ = {
			isa = PBXContainerItemProxy;
			containerPortal = 2959832D1FA1CFE500C9EBAF /* Project object */;
			proxyType = 1;
			remoteGlobalIDString = 295983341FA1CFE500C9EBAF;
			remoteInfo = "TextView封装";
		};
		2959835A1FA1CFE600C9EBAF /* PBXContainerItemProxy */ = {
			isa = PBXContainerItemProxy;
			containerPortal = 2959832D1FA1CFE500C9EBAF /* Project object */;
			proxyType = 1;
			remoteGlobalIDString = 295983341FA1CFE500C9EBAF;
			remoteInfo = "TextView封装";
		};
/* End PBXContainerItemProxy section */

/* Begin PBXFileReference section */
		295983351FA1CFE500C9EBAF /* TextView封装.app */ = {isa = PBXFileReference; explicitFileType = wrapper.application; includeInIndex = 0; path = "TextView封装.app"; sourceTree = BUILT_PRODUCTS_DIR; };
		295983391FA1CFE600C9EBAF /* main.m */ = {isa = PBXFileReference; lastKnownFileType = sourcecode.c.objc; path = main.m; sourceTree = "<group>"; };
		2959833B1FA1CFE600C9EBAF /* AppDelegate.h */ = {isa = PBXFileReference; lastKnownFileType = sourcecode.c.h; path = AppDelegate.h; sourceTree = "<group>"; };
		2959833C1FA1CFE600C9EBAF /* AppDelegate.m */ = {isa = PBXFileReference; lastKnownFileType = sourcecode.c.objc; path = AppDelegate.m; sourceTree = "<group>"; };
		2959833E1FA1CFE600C9EBAF /* ViewController.h */ = {isa = PBXFileReference; lastKnownFileType = sourcecode.c.h; path = ViewController.h; sourceTree = "<group>"; };
		2959833F1FA1CFE600C9EBAF /* ViewController.m */ = {isa = PBXFileReference; lastKnownFileType = sourcecode.c.objc; path = ViewController.m; sourceTree = "<group>"; };
		295983421FA1CFE600C9EBAF /* Base */ = {isa = PBXFileReference; lastKnownFileType = file.storyboard; name = Base; path = Base.lproj/Main.storyboard; sourceTree = "<group>"; };
		295983441FA1CFE600C9EBAF /* Assets.xcassets */ = {isa = PBXFileReference; lastKnownFileType = folder.assetcatalog; path = Assets.xcassets; sourceTree = "<group>"; };
		295983471FA1CFE600C9EBAF /* Base */ = {isa = PBXFileReference; lastKnownFileType = file.storyboard; name = Base; path = Base.lproj/LaunchScreen.storyboard; sourceTree = "<group>"; };
		295983491FA1CFE600C9EBAF /* Info.plist */ = {isa = PBXFileReference; lastKnownFileType = text.plist.xml; path = Info.plist; sourceTree = "<group>"; };
		2959834E1FA1CFE600C9EBAF /* TextView封装Tests.xctest */ = {isa = PBXFileReference; explicitFileType = wrapper.cfbundle; includeInIndex = 0; path = "TextView封装Tests.xctest"; sourceTree = BUILT_PRODUCTS_DIR; };
		295983521FA1CFE600C9EBAF /* TextView__Tests.m */ = {isa = PBXFileReference; lastKnownFileType = sourcecode.c.objc; path = TextView__Tests.m; sourceTree = "<group>"; };
		295983541FA1CFE600C9EBAF /* Info.plist */ = {isa = PBXFileReference; lastKnownFileType = text.plist.xml; path = Info.plist; sourceTree = "<group>"; };
		295983591FA1CFE600C9EBAF /* TextView封装UITests.xctest */ = {isa = PBXFileReference; explicitFileType = wrapper.cfbundle; includeInIndex = 0; path = "TextView封装UITests.xctest"; sourceTree = BUILT_PRODUCTS_DIR; };
		2959835D1FA1CFE600C9EBAF /* TextView__UITests.m */ = {isa = PBXFileReference; lastKnownFileType = sourcecode.c.objc; path = TextView__UITests.m; sourceTree = "<group>"; };
		2959835F1FA1CFE600C9EBAF /* Info.plist */ = {isa = PBXFileReference; lastKnownFileType = text.plist.xml; path = Info.plist; sourceTree = "<group>"; };
		2959836B1FA1D02B00C9EBAF /* UIView+MKPExtension.h */ = {isa = PBXFileReference; fileEncoding = 4; lastKnownFileType = sourcecode.c.h; path = "UIView+MKPExtension.h"; sourceTree = "<group>"; };
		2959836C1FA1D02B00C9EBAF /* UIView+MKPExtension.m */ = {isa = PBXFileReference; fileEncoding = 4; lastKnownFileType = sourcecode.c.objc; path = "UIView+MKPExtension.m"; sourceTree = "<group>"; };
		2959836E1FA1D08400C9EBAF /* MKPlaceholderTextView.h */ = {isa = PBXFileReference; fileEncoding = 4; lastKnownFileType = sourcecode.c.h; path = MKPlaceholderTextView.h; sourceTree = "<group>"; };
		2959836F1FA1D08400C9EBAF /* MKPlaceholderTextView.m */ = {isa = PBXFileReference; fileEncoding = 4; lastKnownFileType = sourcecode.c.objc; path = MKPlaceholderTextView.m; sourceTree = "<group>"; };
/* End PBXFileReference section */

/* Begin PBXFrameworksBuildPhase section */
		295983321FA1CFE500C9EBAF /* Frameworks */ = {
			isa = PBXFrameworksBuildPhase;
			buildActionMask = 2147483647;
			files = (
			);
			runOnlyForDeploymentPostprocessing = 0;
		};
		2959834B1FA1CFE600C9EBAF /* Frameworks */ = {
			isa = PBXFrameworksBuildPhase;
			buildActionMask = 2147483647;
			files = (
			);
			runOnlyForDeploymentPostprocessing = 0;
		};
		295983561FA1CFE600C9EBAF /* Frameworks */ = {
			isa = PBXFrameworksBuildPhase;
			buildActionMask = 2147483647;
			files = (
			);
			runOnlyForDeploymentPostprocessing = 0;
		};
/* End PBXFrameworksBuildPhase section */

/* Begin PBXGroup section */
		2959832C1FA1CFE500C9EBAF = {
			isa = PBXGroup;
			children = (
				295983371FA1CFE600C9EBAF /* TextView封装 */,
				295983511FA1CFE600C9EBAF /* TextView封装Tests */,
				2959835C1FA1CFE600C9EBAF /* TextView封装UITests */,
				295983361FA1CFE500C9EBAF /* Products */,
			);
			sourceTree = "<group>";
		};
		295983361FA1CFE500C9EBAF /* Products */ = {
			isa = PBXGroup;
			children = (
				295983351FA1CFE500C9EBAF /* TextView封装.app */,
				2959834E1FA1CFE600C9EBAF /* TextView封装Tests.xctest */,
				295983591FA1CFE600C9EBAF /* TextView封装UITests.xctest */,
			);
			name = Products;
			sourceTree = "<group>";
		};
		295983371FA1CFE600C9EBAF /* TextView封装 */ = {
			isa = PBXGroup;
			children = (
				2959833B1FA1CFE600C9EBAF /* AppDelegate.h */,
				2959833C1FA1CFE600C9EBAF /* AppDelegate.m */,
				2959833E1FA1CFE600C9EBAF /* ViewController.h */,
				2959833F1FA1CFE600C9EBAF /* ViewController.m */,
				2959836E1FA1D08400C9EBAF /* MKPlaceholderTextView.h */,
				2959836F1FA1D08400C9EBAF /* MKPlaceholderTextView.m */,
				2959836B1FA1D02B00C9EBAF /* UIView+MKPExtension.h */,
				2959836C1FA1D02B00C9EBAF /* UIView+MKPExtension.m */,
				295983411FA1CFE600C9EBAF /* Main.storyboard */,
				295983441FA1CFE600C9EBAF /* Assets.xcassets */,
				295983461FA1CFE600C9EBAF /* LaunchScreen.storyboard */,
				295983491FA1CFE600C9EBAF /* Info.plist */,
				295983381FA1CFE600C9EBAF /* Supporting Files */,
			);
			path = "TextView封装";
			sourceTree = "<group>";
		};
		295983381FA1CFE600C9EBAF /* Supporting Files */ = {
			isa = PBXGroup;
			children = (
				295983391FA1CFE600C9EBAF /* main.m */,
			);
			name = "Supporting Files";
			sourceTree = "<group>";
		};
		295983511FA1CFE600C9EBAF /* TextView封装Tests */ = {
			isa = PBXGroup;
			children = (
				295983521FA1CFE600C9EBAF /* TextView__Tests.m */,
				295983541FA1CFE600C9EBAF /* Info.plist */,
			);
			path = "TextView封装Tests";
			sourceTree = "<group>";
		};
		2959835C1FA1CFE600C9EBAF /* TextView封装UITests */ = {
			isa = PBXGroup;
			children = (
				2959835D1FA1CFE600C9EBAF /* TextView__UITests.m */,
				2959835F1FA1CFE600C9EBAF /* Info.plist */,
			);
			path = "TextView封装UITests";
			sourceTree = "<group>";
		};
/* End PBXGroup section */

/* Begin PBXNativeTarget section */
		295983341FA1CFE500C9EBAF /* TextView封装 */ = {
			isa = PBXNativeTarget;
			buildConfigurationList = 295983621FA1CFE600C9EBAF /* Build configuration list for PBXNativeTarget "TextView封装" */;
			buildPhases = (
				295983311FA1CFE500C9EBAF /* Sources */,
				295983321FA1CFE500C9EBAF /* Frameworks */,
				295983331FA1CFE500C9EBAF /* Resources */,
			);
			buildRules = (
			);
			dependencies = (
			);
			name = "TextView封装";
			productName = "TextView封装";
			productReference = 295983351FA1CFE500C9EBAF /* TextView封装.app */;
			productType = "com.apple.product-type.application";
		};
		2959834D1FA1CFE600C9EBAF /* TextView封装Tests */ = {
			isa = PBXNativeTarget;
			buildConfigurationList = 295983651FA1CFE600C9EBAF /* Build configuration list for PBXNativeTarget "TextView封装Tests" */;
			buildPhases = (
				2959834A1FA1CFE600C9EBAF /* Sources */,
				2959834B1FA1CFE600C9EBAF /* Frameworks */,
				2959834C1FA1CFE600C9EBAF /* Resources */,
			);
			buildRules = (
			);
			dependencies = (
				295983501FA1CFE600C9EBAF /* PBXTargetDependency */,
			);
			name = "TextView封装Tests";
			productName = "TextView封装Tests";
			productReference = 2959834E1FA1CFE600C9EBAF /* TextView封装Tests.xctest */;
			productType = "com.apple.product-type.bundle.unit-test";
		};
		295983581FA1CFE600C9EBAF /* TextView封装UITests */ = {
			isa = PBXNativeTarget;
			buildConfigurationList = 295983681FA1CFE600C9EBAF /* Build configuration list for PBXNativeTarget "TextView封装UITests" */;
			buildPhases = (
				295983551FA1CFE600C9EBAF /* Sources */,
				295983561FA1CFE600C9EBAF /* Frameworks */,
				295983571FA1CFE600C9EBAF /* Resources */,
			);
			buildRules = (
			);
			dependencies = (
				2959835B1FA1CFE600C9EBAF /* PBXTargetDependency */,
			);
			name = "TextView封装UITests";
			productName = "TextView封装UITests";
			productReference = 295983591FA1CFE600C9EBAF /* TextView封装UITests.xctest */;
			productType = "com.apple.product-type.bundle.ui-testing";
		};
/* End PBXNativeTarget section */

/* Begin PBXProject section */
		2959832D1FA1CFE500C9EBAF /* Project object */ = {
			isa = PBXProject;
			attributes = {
				LastUpgradeCheck = 0830;
				ORGANIZATIONNAME = xrh;
				TargetAttributes = {
					295983341FA1CFE500C9EBAF = {
						CreatedOnToolsVersion = 8.3.3;
						DevelopmentTeam = 4U8M5497ZW;
						ProvisioningStyle = Automatic;
					};
					2959834D1FA1CFE600C9EBAF = {
						CreatedOnToolsVersion = 8.3.3;
						DevelopmentTeam = 4U8M5497ZW;
						ProvisioningStyle = Automatic;
						TestTargetID = 295983341FA1CFE500C9EBAF;
					};
					295983581FA1CFE600C9EBAF = {
						CreatedOnToolsVersion = 8.3.3;
						DevelopmentTeam = 4U8M5497ZW;
						ProvisioningStyle = Automatic;
						TestTargetID = 295983341FA1CFE500C9EBAF;
					};
				};
			};
			buildConfigurationList = 295983301FA1CFE500C9EBAF /* Build configuration list for PBXProject "TextView封装" */;
			compatibilityVersion = "Xcode 3.2";
			developmentRegion = English;
			hasScannedForEncodings = 0;
			knownRegions = (
				en,
				Base,
			);
			mainGroup = 2959832C1FA1CFE500C9EBAF;
			productRefGroup = 295983361FA1CFE500C9EBAF /* Products */;
			projectDirPath = "";
			projectRoot = "";
			targets = (
				295983341FA1CFE500C9EBAF /* TextView封装 */,
				2959834D1FA1CFE600C9EBAF /* TextView封装Tests */,
				295983581FA1CFE600C9EBAF /* TextView封装UITests */,
			);
		};
/* End PBXProject section */

/* Begin PBXResourcesBuildPhase section */
		295983331FA1CFE500C9EBAF /* Resources */ = {
			isa = PBXResourcesBuildPhase;
			buildActionMask = 2147483647;
			files = (
				295983481FA1CFE600C9EBAF /* LaunchScreen.storyboard in Resources */,
				295983451FA1CFE600C9EBAF /* Assets.xcassets in Resources */,
				295983431FA1CFE600C9EBAF /* Main.storyboard in Resources */,
			);
			runOnlyForDeploymentPostprocessing = 0;
		};
		2959834C1FA1CFE600C9EBAF /* Resources */ = {
			isa = PBXResourcesBuildPhase;
			buildActionMask = 2147483647;
			files = (
			);
			runOnlyForDeploymentPostprocessing = 0;
		};
		295983571FA1CFE600C9EBAF /* Resources */ = {
			isa = PBXResourcesBuildPhase;
			buildActionMask = 2147483647;
			files = (
			);
			runOnlyForDeploymentPostprocessing = 0;
		};
/* End PBXResourcesBuildPhase section */

/* Begin PBXSourcesBuildPhase section */
		295983311FA1CFE500C9EBAF /* Sources */ = {
			isa = PBXSourcesBuildPhase;
			buildActionMask = 2147483647;
			files = (
				295983401FA1CFE600C9EBAF /* ViewController.m in Sources */,
				2959836D1FA1D02B00C9EBAF /* UIView+MKPExtension.m in Sources */,
				295983701FA1D08400C9EBAF /* MKPlaceholderTextView.m in Sources */,
				2959833D1FA1CFE600C9EBAF /* AppDelegate.m in Sources */,
				2959833A1FA1CFE600C9EBAF /* main.m in Sources */,
			);
			runOnlyForDeploymentPostprocessing = 0;
		};
		2959834A1FA1CFE600C9EBAF /* Sources */ = {
			isa = PBXSourcesBuildPhase;
			buildActionMask = 2147483647;
			files = (
				295983531FA1CFE600C9EBAF /* TextView__Tests.m in Sources */,
			);
			runOnlyForDeploymentPostprocessing = 0;
		};
		295983551FA1CFE600C9EBAF /* Sources */ = {
			isa = PBXSourcesBuildPhase;
			buildActionMask = 2147483647;
			files = (
				2959835E1FA1CFE600C9EBAF /* TextView__UITests.m in Sources */,
			);
			runOnlyForDeploymentPostprocessing = 0;
		};
/* End PBXSourcesBuildPhase section */

/* Begin PBXTargetDependency section */
		295983501FA1CFE600C9EBAF /* PBXTargetDependency */ = {
			isa = PBXTargetDependency;
			target = 295983341FA1CFE500C9EBAF /* TextView封装 */;
			targetProxy = 2959834F1FA1CFE600C9EBAF /* PBXContainerItemProxy */;
		};
		2959835B1FA1CFE600C9EBAF /* PBXTargetDependency */ = {
			isa = PBXTargetDependency;
			target = 295983341FA1CFE500C9EBAF /* TextView封装 */;
			targetProxy = 2959835A1FA1CFE600C9EBAF /* PBXContainerItemProxy */;
		};
/* End PBXTargetDependency section */

/* Begin PBXVariantGroup section */
		295983411FA1CFE600C9EBAF /* Main.storyboard */ = {
			isa = PBXVariantGroup;
			children = (
				295983421FA1CFE600C9EBAF /* Base */,
			);
			name = Main.storyboard;
			sourceTree = "<group>";
		};
		295983461FA1CFE600C9EBAF /* LaunchScreen.storyboard */ = {
			isa = PBXVariantGroup;
			children = (
				295983471FA1CFE600C9EBAF /* Base */,
			);
			name = LaunchScreen.storyboard;
			sourceTree = "<group>";
		};
/* End PBXVariantGroup section */

/* Begin XCBuildConfiguration section */
		295983601FA1CFE600C9EBAF /* Debug */ = {
			isa = XCBuildConfiguration;
			buildSettings = {
				ALWAYS_SEARCH_USER_PATHS = NO;
				CLANG_ANALYZER_NONNULL = YES;
				CLANG_ANALYZER_NUMBER_OBJECT_CONVERSION = YES_AGGRESSIVE;
				CLANG_CXX_LANGUAGE_STANDARD = "gnu++0x";
				CLANG_CXX_LIBRARY = "libc++";
				CLANG_ENABLE_MODULES = YES;
				CLANG_ENABLE_OBJC_ARC = YES;
				CLANG_WARN_BOOL_CONVERSION = YES;
				CLANG_WARN_CONSTANT_CONVERSION = YES;
				CLANG_WARN_DIRECT_OBJC_ISA_USAGE = YES_ERROR;
				CLANG_WARN_DOCUMENTATION_COMMENTS = YES;
				CLANG_WARN_EMPTY_BODY = YES;
				CLANG_WARN_ENUM_CONVERSION = YES;
				CLANG_WARN_INFINITE_RECURSION = YES;
				CLANG_WARN_INT_CONVERSION = YES;
				CLANG_WARN_OBJC_ROOT_CLASS = YES_ERROR;
				CLANG_WARN_SUSPICIOUS_MOVE = YES;
				CLANG_WARN_UNREACHABLE_CODE = YES;
				CLANG_WARN__DUPLICATE_METHOD_MATCH = YES;
				"CODE_SIGN_IDENTITY[sdk=iphoneos*]" = "iPhone Developer";
				COPY_PHASE_STRIP = NO;
				DEBUG_INFORMATION_FORMAT = dwarf;
				ENABLE_STRICT_OBJC_MSGSEND = YES;
				ENABLE_TESTABILITY = YES;
				GCC_C_LANGUAGE_STANDARD = gnu99;
				GCC_DYNAMIC_NO_PIC = NO;
				GCC_NO_COMMON_BLOCKS = YES;
				GCC_OPTIMIZATION_LEVEL = 0;
				GCC_PREPROCESSOR_DEFINITIONS = (
					"DEBUG=1",
					"$(inherited)",
				);
				GCC_WARN_64_TO_32_BIT_CONVERSION = YES;
				GCC_WARN_ABOUT_RETURN_TYPE = YES_ERROR;
				GCC_WARN_UNDECLARED_SELECTOR = YES;
				GCC_WARN_UNINITIALIZED_AUTOS = YES_AGGRESSIVE;
				GCC_WARN_UNUSED_FUNCTION = YES;
				GCC_WARN_UNUSED_VARIABLE = YES;
				IPHONEOS_DEPLOYMENT_TARGET = 10.3;
				MTL_ENABLE_DEBUG_INFO = YES;
				ONLY_ACTIVE_ARCH = YES;
				SDKROOT = iphoneos;
				TARGETED_DEVICE_FAMILY = "1,2";
			};
			name = Debug;
		};
		295983611FA1CFE600C9EBAF /* Release */ = {
			isa = XCBuildConfiguration;
			buildSettings = {
				ALWAYS_SEARCH_USER_PATHS = NO;
				CLANG_ANALYZER_NONNULL = YES;
				CLANG_ANALYZER_NUMBER_OBJECT_CONVERSION = YES_AGGRESSIVE;
				CLANG_CXX_LANGUAGE_STANDARD = "gnu++0x";
				CLANG_CXX_LIBRARY = "libc++";
				CLANG_ENABLE_MODULES = YES;
				CLANG_ENABLE_OBJC_ARC = YES;
				CLANG_WARN_BOOL_CONVERSION = YES;
				CLANG_WARN_CONSTANT_CONVERSION = YES;
				CLANG_WARN_DIRECT_OBJC_ISA_USAGE = YES_ERROR;
				CLANG_WARN_DOCUMENTATION_COMMENTS = YES;
				CLANG_WARN_EMPTY_BODY = YES;
				CLANG_WARN_ENUM_CONVERSION = YES;
				CLANG_WARN_INFINITE_RECURSION = YES;
				CLANG_WARN_INT_CONVERSION = YES;
				CLANG_WARN_OBJC_ROOT_CLASS = YES_ERROR;
				CLANG_WARN_SUSPICIOUS_MOVE = YES;
				CLANG_WARN_UNREACHABLE_CODE = YES;
				CLANG_WARN__DUPLICATE_METHOD_MATCH = YES;
				"CODE_SIGN_IDENTITY[sdk=iphoneos*]" = "iPhone Developer";
				COPY_PHASE_STRIP = NO;
				DEBUG_INFORMATION_FORMAT = "dwarf-with-dsym";
				ENABLE_NS_ASSERTIONS = NO;
				ENABLE_STRICT_OBJC_MSGSEND = YES;
				GCC_C_LANGUAGE_STANDARD = gnu99;
				GCC_NO_COMMON_BLOCKS = YES;
				GCC_WARN_64_TO_32_BIT_CONVERSION = YES;
				GCC_WARN_ABOUT_RETURN_TYPE = YES_ERROR;
				GCC_WARN_UNDECLARED_SELECTOR = YES;
				GCC_WARN_UNINITIALIZED_AUTOS = YES_AGGRESSIVE;
				GCC_WARN_UNUSED_FUNCTION = YES;
				GCC_WARN_UNUSED_VARIABLE = YES;
				IPHONEOS_DEPLOYMENT_TARGET = 10.3;
				MTL_ENABLE_DEBUG_INFO = NO;
				SDKROOT = iphoneos;
				TARGETED_DEVICE_FAMILY = "1,2";
				VALIDATE_PRODUCT = YES;
			};
			name = Release;
		};
		295983631FA1CFE600C9EBAF /* Debug */ = {
			isa = XCBuildConfiguration;
			buildSettings = {
				ASSETCATALOG_COMPILER_APPICON_NAME = AppIcon;
				DEVELOPMENT_TEAM = 4U8M5497ZW;
				INFOPLIST_FILE = "TextView封装/Info.plist";
				LD_RUNPATH_SEARCH_PATHS = "$(inherited) @executable_path/Frameworks";
				PRODUCT_BUNDLE_IDENTIFIER = "XRH.TextView--";
				PRODUCT_NAME = "$(TARGET_NAME)";
			};
			name = Debug;
		};
		295983641FA1CFE600C9EBAF /* Release */ = {
			isa = XCBuildConfiguration;
			buildSettings = {
				ASSETCATALOG_COMPILER_APPICON_NAME = AppIcon;
				DEVELOPMENT_TEAM = 4U8M5497ZW;
				INFOPLIST_FILE = "TextView封装/Info.plist";
				LD_RUNPATH_SEARCH_PATHS = "$(inherited) @executable_path/Frameworks";
				PRODUCT_BUNDLE_IDENTIFIER = "XRH.TextView--";
				PRODUCT_NAME = "$(TARGET_NAME)";
			};
			name = Release;
		};
		295983661FA1CFE600C9EBAF /* Debug */ = {
			isa = XCBuildConfiguration;
			buildSettings = {
				BUNDLE_LOADER = "$(TEST_HOST)";
				DEVELOPMENT_TEAM = 4U8M5497ZW;
				INFOPLIST_FILE = "TextView封装Tests/Info.plist";
				LD_RUNPATH_SEARCH_PATHS = "$(inherited) @executable_path/Frameworks @loader_path/Frameworks";
				PRODUCT_BUNDLE_IDENTIFIER = "XRH.TextView--Tests";
				PRODUCT_NAME = "$(TARGET_NAME)";
				TEST_HOST = "$(BUILT_PRODUCTS_DIR)/TextView封装.app/TextView封装";
			};
			name = Debug;
		};
		295983671FA1CFE600C9EBAF /* Release */ = {
			isa = XCBuildConfiguration;
			buildSettings = {
				BUNDLE_LOADER = "$(TEST_HOST)";
				DEVELOPMENT_TEAM = 4U8M5497ZW;
				INFOPLIST_FILE = "TextView封装Tests/Info.plist";
				LD_RUNPATH_SEARCH_PATHS = "$(inherited) @executable_path/Frameworks @loader_path/Frameworks";
				PRODUCT_BUNDLE_IDENTIFIER = "XRH.TextView--Tests";
				PRODUCT_NAME = "$(TARGET_NAME)";
				TEST_HOST = "$(BUILT_PRODUCTS_DIR)/TextView封装.app/TextView封装";
			};
			name = Release;
		};
		295983691FA1CFE600C9EBAF /* Debug */ = {
			isa = XCBuildConfiguration;
			buildSettings = {
				DEVELOPMENT_TEAM = 4U8M5497ZW;
				INFOPLIST_FILE = "TextView封装UITests/Info.plist";
				LD_RUNPATH_SEARCH_PATHS = "$(inherited) @executable_path/Frameworks @loader_path/Frameworks";
				PRODUCT_BUNDLE_IDENTIFIER = "XRH.TextView--UITests";
				PRODUCT_NAME = "$(TARGET_NAME)";
				TEST_TARGET_NAME = "TextView封装";
			};
			name = Debug;
		};
		2959836A1FA1CFE600C9EBAF /* Release */ = {
			isa = XCBuildConfiguration;
			buildSettings = {
				DEVELOPMENT_TEAM = 4U8M5497ZW;
				INFOPLIST_FILE = "TextView封装UITests/Info.plist";
				LD_RUNPATH_SEARCH_PATHS = "$(inherited) @executable_path/Frameworks @loader_path/Frameworks";
				PRODUCT_BUNDLE_IDENTIFIER = "XRH.TextView--UITests";
				PRODUCT_NAME = "$(TARGET_NAME)";
				TEST_TARGET_NAME = "TextView封装";
			};
			name = Release;
		};
/* End XCBuildConfiguration section */

/* Begin XCConfigurationList section */
		295983301FA1CFE500C9EBAF /* Build configuration list for PBXProject "TextView封装" */ = {
			isa = XCConfigurationList;
			buildConfigurations = (
				295983601FA1CFE600C9EBAF /* Debug */,
				295983611FA1CFE600C9EBAF /* Release */,
			);
			defaultConfigurationIsVisible = 0;
			defaultConfigurationName = Release;
		};
		295983621FA1CFE600C9EBAF /* Build configuration list for PBXNativeTarget "TextView封装" */ = {
			isa = XCConfigurationList;
			buildConfigurations = (
				295983631FA1CFE600C9EBAF /* Debug */,
				295983641FA1CFE600C9EBAF /* Release */,
			);
			defaultConfigurationIsVisible = 0;
		};
		295983651FA1CFE600C9EBAF /* Build configuration list for PBXNativeTarget "TextView封装Tests" */ = {
			isa = XCConfigurationList;
			buildConfigurations = (
				295983661FA1CFE600C9EBAF /* Debug */,
				295983671FA1CFE600C9EBAF /* Release */,
			);
			defaultConfigurationIsVisible = 0;
		};
		295983681FA1CFE600C9EBAF /* Build configuration list for PBXNativeTarget "TextView封装UITests" */ = {
			isa = XCConfigurationList;
			buildConfigurations = (
				295983691FA1CFE600C9EBAF /* Debug */,
				2959836A1FA1CFE600C9EBAF /* Release */,
			);
			defaultConfigurationIsVisible = 0;
		};
/* End XCConfigurationList section */
	};
	rootObject = 2959832D1FA1CFE500C9EBAF /* Project object */;
}
